
Microsoft Visual Studio Solution File, Format Version 12.00
# Visual Studio Version 16
VisualStudioVersion = 16.0.30517.126
MinimumVisualStudioVersion = 10.0.40219.1
Project("{FAE04EC0-301F-11D3-BF4B-00C04F79EFBC}") = "Ultra_CISC", "Ultra_CISC.csproj", "{43DB6B2C-6AD8-4CD8-8D4D-A8948058E8A4}"
EndProject
Global
	GlobalSection(SolutionConfigurationPlatforms) = preSolution
		Debug|Any CPU = Debug|Any CPU
		Release|Any CPU = Release|Any CPU
	EndGlobalSection
	GlobalSection(ProjectConfigurationPlatforms) = postSolution
		{43DB6B2C-6AD8-4CD8-8D4D-A8948058E8A4}.Debug|Any CPU.ActiveCfg = Debug|Any CPU
		{43DB6B2C-6AD8-4CD8-8D4D-A8948058E8A4}.Debug|Any CPU.Build.0 = Debug|Any CPU
		{43DB6B2C-6AD8-4CD8-8D4D-A8948058E8A4}.Release|Any CPU.ActiveCfg = Release|Any CPU
		{43DB6B2C-6AD8-4CD8-8D4D-A8948058E8A4}.Release|Any CPU.Build.0 = Release|Any CPU
	EndGlobalSection
	GlobalSection(SolutionProperties) = preSolution
		HideSolutionNode = FALSE
	EndGlobalSection
	GlobalSection(ExtensibilityGlobals) = postSolution
		SolutionGuid = {34DFA676-301A-43F8-ACF2-99187D1A02BD}
	EndGlobalSection
EndGlobal
